
Microsoft Visual Studio Solution File, Format Version 12.00
# Visual Studio Version 16
VisualStudioVersion = 16.0.29503.13
MinimumVisualStudioVersion = 10.0.40219.1
Project("{FAE04EC0-301F-11D3-BF4B-00C04F79EFBC}") = "OVF.Administrator.GUI", "OVF.Administrator.GUI\OVF.Administrator.GUI.csproj", "{9B051B57-00C1-40A4-A17B-9CA86ABBF9E9}"
EndProject
Project("{FAE04EC0-301F-11D3-BF4B-00C04F79EFBC}") = "OVF.Administrator.Logic", "OVF.Administrator.Logic\OVF.Administrator.Logic.csproj", "{C3C7F860-270F-4643-9A44-2CCA76039ECE}"
EndProject
Project("{FAE04EC0-301F-11D3-BF4B-00C04F79EFBC}") = "OV.Framework", "OV.Framework\OV.Framework.csproj", "{47BF91A6-DBE4-42B3-91BC-C8959F938E18}"
EndProject
Global
	GlobalSection(SolutionConfigurationPlatforms) = preSolution
		Debug|Any CPU = Debug|Any CPU
		Release|Any CPU = Release|Any CPU
	EndGlobalSection
	GlobalSection(ProjectConfigurationPlatforms) = postSolution
		{9B051B57-00C1-40A4-A17B-9CA86ABBF9E9}.Debug|Any CPU.ActiveCfg = Debug|Any CPU
		{9B051B57-00C1-40A4-A17B-9CA86ABBF9E9}.Debug|Any CPU.Build.0 = Debug|Any CPU
		{9B051B57-00C1-40A4-A17B-9CA86ABBF9E9}.Release|Any CPU.ActiveCfg = Release|Any CPU
		{9B051B57-00C1-40A4-A17B-9CA86ABBF9E9}.Release|Any CPU.Build.0 = Release|Any CPU
		{C3C7F860-270F-4643-9A44-2CCA76039ECE}.Debug|Any CPU.ActiveCfg = Debug|Any CPU
		{C3C7F860-270F-4643-9A44-2CCA76039ECE}.Debug|Any CPU.Build.0 = Debug|Any CPU
		{C3C7F860-270F-4643-9A44-2CCA76039ECE}.Release|Any CPU.ActiveCfg = Release|Any CPU
		{C3C7F860-270F-4643-9A44-2CCA76039ECE}.Release|Any CPU.Build.0 = Release|Any CPU
		{47BF91A6-DBE4-42B3-91BC-C8959F938E18}.Debug|Any CPU.ActiveCfg = Debug|Any CPU
		{47BF91A6-DBE4-42B3-91BC-C8959F938E18}.Debug|Any CPU.Build.0 = Debug|Any CPU
		{47BF91A6-DBE4-42B3-91BC-C8959F938E18}.Release|Any CPU.ActiveCfg = Release|Any CPU
		{47BF91A6-DBE4-42B3-91BC-C8959F938E18}.Release|Any CPU.Build.0 = Release|Any CPU
	EndGlobalSection
	GlobalSection(SolutionProperties) = preSolution
		HideSolutionNode = FALSE
	EndGlobalSection
	GlobalSection(ExtensibilityGlobals) = postSolution
		SolutionGuid = {F01DECE6-CF91-4EAE-A69A-1C9F98CD3980}
	EndGlobalSection
EndGlobal
